
Microsoft Visual Studio Solution File, Format Version 11.00
# Visual Studio 2010
Project("{FAE04EC0-301F-11D3-BF4B-00C04F79EFBC}") = "DD.Sample", "Sample\DD.Sample.csproj", "{4DD2A0F4-A363-4AFD-885C-F2937B759C35}"
EndProject
Project("{FAE04EC0-301F-11D3-BF4B-00C04F79EFBC}") = "DD.GameEngine", "DD\DD.GameEngine.csproj", "{8B1B9B54-1759-4B48-8F49-66C40E1B65F7}"
EndProject
Project("{7CF6DF6D-3B04-46F8-A40B-537D21BCA0B4}") = "DD.Document", "DD.Document\DD.Document.shfbproj", "{F4530549-8BC4-4018-A96B-72EF1B545189}"
	ProjectSection(ProjectDependencies) = postProject
		{8B1B9B54-1759-4B48-8F49-66C40E1B65F7} = {8B1B9B54-1759-4B48-8F49-66C40E1B65F7}
	EndProjectSection
EndProject
Project("{FAE04EC0-301F-11D3-BF4B-00C04F79EFBC}") = "DD.UnitTest", "DD.UnitTest\DD.UnitTest.csproj", "{71C266D9-DD6F-4BE5-9434-D9912E298027}"
EndProject
Project("{2150E333-8FDC-42A3-9474-1A3956D46DE8}") = "Solution Items", "Solution Items", "{1431F942-36D9-4CD3-89C2-F451ECAF5D75}"
	ProjectSection(SolutionItems) = preProject
		Erica.vsmdi = Erica.vsmdi
		Local.testsettings = Local.testsettings
		TraceAndTestImpact.testsettings = TraceAndTestImpact.testsettings
	EndProjectSection
EndProject
Global
	GlobalSection(SubversionScc) = preSolution
		Svn-Managed = True
		Manager = AnkhSVN - Subversion Support for Visual Studio
	EndGlobalSection
	GlobalSection(TestCaseManagementSettings) = postSolution
		CategoryFile = Erica.vsmdi
	EndGlobalSection
	GlobalSection(SolutionConfigurationPlatforms) = preSolution
		Debug|Any CPU = Debug|Any CPU
		Debug|Mixed Platforms = Debug|Mixed Platforms
		Debug|x86 = Debug|x86
		Release|Any CPU = Release|Any CPU
		Release|Mixed Platforms = Release|Mixed Platforms
		Release|x86 = Release|x86
	EndGlobalSection
	GlobalSection(ProjectConfigurationPlatforms) = postSolution
		{4DD2A0F4-A363-4AFD-885C-F2937B759C35}.Debug|Any CPU.ActiveCfg = Debug|x86
		{4DD2A0F4-A363-4AFD-885C-F2937B759C35}.Debug|Mixed Platforms.ActiveCfg = Debug|x86
		{4DD2A0F4-A363-4AFD-885C-F2937B759C35}.Debug|Mixed Platforms.Build.0 = Debug|x86
		{4DD2A0F4-A363-4AFD-885C-F2937B759C35}.Debug|x86.ActiveCfg = Debug|x86
		{4DD2A0F4-A363-4AFD-885C-F2937B759C35}.Debug|x86.Build.0 = Debug|x86
		{4DD2A0F4-A363-4AFD-885C-F2937B759C35}.Release|Any CPU.ActiveCfg = Release|x86
		{4DD2A0F4-A363-4AFD-885C-F2937B759C35}.Release|Mixed Platforms.ActiveCfg = Release|x86
		{4DD2A0F4-A363-4AFD-885C-F2937B759C35}.Release|Mixed Platforms.Build.0 = Release|x86
		{4DD2A0F4-A363-4AFD-885C-F2937B759C35}.Release|x86.ActiveCfg = Release|x86
		{4DD2A0F4-A363-4AFD-885C-F2937B759C35}.Release|x86.Build.0 = Release|x86
		{8B1B9B54-1759-4B48-8F49-66C40E1B65F7}.Debug|Any CPU.ActiveCfg = Debug|x86
		{8B1B9B54-1759-4B48-8F49-66C40E1B65F7}.Debug|Mixed Platforms.ActiveCfg = Debug|x86
		{8B1B9B54-1759-4B48-8F49-66C40E1B65F7}.Debug|Mixed Platforms.Build.0 = Debug|x86
		{8B1B9B54-1759-4B48-8F49-66C40E1B65F7}.Debug|x86.ActiveCfg = Debug|x86
		{8B1B9B54-1759-4B48-8F49-66C40E1B65F7}.Debug|x86.Build.0 = Debug|x86
		{8B1B9B54-1759-4B48-8F49-66C40E1B65F7}.Release|Any CPU.ActiveCfg = Release|x86
		{8B1B9B54-1759-4B48-8F49-66C40E1B65F7}.Release|Mixed Platforms.ActiveCfg = Release|x86
		{8B1B9B54-1759-4B48-8F49-66C40E1B65F7}.Release|Mixed Platforms.Build.0 = Release|x86
		{8B1B9B54-1759-4B48-8F49-66C40E1B65F7}.Release|x86.ActiveCfg = Release|x86
		{8B1B9B54-1759-4B48-8F49-66C40E1B65F7}.Release|x86.Build.0 = Release|x86
		{F4530549-8BC4-4018-A96B-72EF1B545189}.Debug|Any CPU.ActiveCfg = Debug|Any CPU
		{F4530549-8BC4-4018-A96B-72EF1B545189}.Debug|Any CPU.Build.0 = Debug|Any CPU
		{F4530549-8BC4-4018-A96B-72EF1B545189}.Debug|Mixed Platforms.ActiveCfg = Debug|Any CPU
		{F4530549-8BC4-4018-A96B-72EF1B545189}.Debug|Mixed Platforms.Build.0 = Debug|Any CPU
		{F4530549-8BC4-4018-A96B-72EF1B545189}.Debug|x86.ActiveCfg = Debug|Any CPU
		{F4530549-8BC4-4018-A96B-72EF1B545189}.Release|Any CPU.ActiveCfg = Release|Any CPU
		{F4530549-8BC4-4018-A96B-72EF1B545189}.Release|Any CPU.Build.0 = Release|Any CPU
		{F4530549-8BC4-4018-A96B-72EF1B545189}.Release|Mixed Platforms.ActiveCfg = Release|Any CPU
		{F4530549-8BC4-4018-A96B-72EF1B545189}.Release|Mixed Platforms.Build.0 = Release|Any CPU
		{F4530549-8BC4-4018-A96B-72EF1B545189}.Release|x86.ActiveCfg = Release|Any CPU
		{71C266D9-DD6F-4BE5-9434-D9912E298027}.Debug|Any CPU.ActiveCfg = Debug|Any CPU
		{71C266D9-DD6F-4BE5-9434-D9912E298027}.Debug|Any CPU.Build.0 = Debug|Any CPU
		{71C266D9-DD6F-4BE5-9434-D9912E298027}.Debug|Mixed Platforms.ActiveCfg = Debug|Any CPU
		{71C266D9-DD6F-4BE5-9434-D9912E298027}.Debug|Mixed Platforms.Build.0 = Debug|Any CPU
		{71C266D9-DD6F-4BE5-9434-D9912E298027}.Debug|x86.ActiveCfg = Debug|Any CPU
		{71C266D9-DD6F-4BE5-9434-D9912E298027}.Release|Any CPU.ActiveCfg = Release|Any CPU
		{71C266D9-DD6F-4BE5-9434-D9912E298027}.Release|Any CPU.Build.0 = Release|Any CPU
		{71C266D9-DD6F-4BE5-9434-D9912E298027}.Release|Mixed Platforms.ActiveCfg = Release|Any CPU
		{71C266D9-DD6F-4BE5-9434-D9912E298027}.Release|Mixed Platforms.Build.0 = Release|Any CPU
		{71C266D9-DD6F-4BE5-9434-D9912E298027}.Release|x86.ActiveCfg = Release|Any CPU
	EndGlobalSection
	GlobalSection(SolutionProperties) = preSolution
		HideSolutionNode = FALSE
	EndGlobalSection
EndGlobal
